
Microsoft Visual Studio Solution File, Format Version 12.00
# Visual Studio 15
VisualStudioVersion = 15.0.28307.271
MinimumVisualStudioVersion = 10.0.40219.1
Project("{8BC9CEB8-8B4A-11D0-8D11-00A0C91BC942}") = "ControllerClient", "ControllerClient\ControllerClient.vcxproj", "{C571D37E-8AE9-4D25-AEE9-3C15877C0890}"
EndProject
Global
	GlobalSection(SolutionConfigurationPlatforms) = preSolution
		Debug|x64 = Debug|x64
		Debug|x86 = Debug|x86
		Release|x64 = Release|x64
		Release|x86 = Release|x86
	EndGlobalSection
	GlobalSection(ProjectConfigurationPlatforms) = postSolution
		{C571D37E-8AE9-4D25-AEE9-3C15877C0890}.Debug|x64.ActiveCfg = Debug|x64
		{C571D37E-8AE9-4D25-AEE9-3C15877C0890}.Debug|x64.Build.0 = Debug|x64
		{C571D37E-8AE9-4D25-AEE9-3C15877C0890}.Debug|x86.ActiveCfg = Debug|Win32
		{C571D37E-8AE9-4D25-AEE9-3C15877C0890}.Debug|x86.Build.0 = Debug|Win32
		{C571D37E-8AE9-4D25-AEE9-3C15877C0890}.Release|x64.ActiveCfg = Release|x64
		{C571D37E-8AE9-4D25-AEE9-3C15877C0890}.Release|x64.Build.0 = Release|x64
		{C571D37E-8AE9-4D25-AEE9-3C15877C0890}.Release|x86.ActiveCfg = Release|Win32
		{C571D37E-8AE9-4D25-AEE9-3C15877C0890}.Release|x86.Build.0 = Release|Win32
	EndGlobalSection
	GlobalSection(SolutionProperties) = preSolution
		HideSolutionNode = FALSE
	EndGlobalSection
	GlobalSection(ExtensibilityGlobals) = postSolution
		SolutionGuid = {C36CC5CA-F2AF-4916-9702-79FBBD93B7B9}
	EndGlobalSection
EndGlobal
